github.com/LouisRemes-95/gator v0.0.0-20250826214109-cf3068388e20 h1:FddWOC52cfSrOAi+8DcwtXIwe45Ei9EHXqHu4mXI7ZA=
github.com/LouisRemes-95/gator v0.0.0-20250826214109-cf3068388e20/go.mod h1:Ucj5niDDm728GrNEpHOMeKDuPCcDhfpX1Q7x7IvZBCg=
github.com/google/uuid v1.6.0 h1:NIvaJDMOsjHA8n1jAhLSgzrAzy1Hgr+hNrb57e+94F0=
github.com/google/uuid v1.6.0/go.mod h1:TIyPZe4MgqvfeYDBFedMoGGpEw/LqOeaOT+nhxU+yHo=
github.com/lib/pq v1.10.9 h1:YXG7RB+JIjhP29X+OtkiDnYaXQwpS4JEWq7dtCCRUEw=
github.com/lib/pq v1.10.9/go.mod h1:AlVN5x4E4T544tWzH6hKfbfQvm3HdbOxrmggDNAPY9o=
